
Microsoft Visual Studio Solution File, Format Version 12.00
# Visual Studio Version 17
VisualStudioVersion = 17.14.36429.23
MinimumVisualStudioVersion = 10.0.40219.1
Project("{C9674DCB-5085-4A16-B785-4C70DD1589BD}") = "TELECOM_SSIS", "TELECOM_SSIS.dtproj", "{F1C7AFB1-86D4-4C6C-2699-6610268F5847}"
EndProject
Global
	GlobalSection(SolutionConfigurationPlatforms) = preSolution
		Development|Default = Development|Default
	EndGlobalSection
	GlobalSection(ProjectConfigurationPlatforms) = postSolution
		{F1C7AFB1-86D4-4C6C-2699-6610268F5847}.Development|Default.ActiveCfg = Development
		{F1C7AFB1-86D4-4C6C-2699-6610268F5847}.Development|Default.Build.0 = Development
	EndGlobalSection
	GlobalSection(SolutionProperties) = preSolution
		HideSolutionNode = FALSE
	EndGlobalSection
	GlobalSection(ExtensibilityGlobals) = postSolution
		SolutionGuid = {74179A56-6864-4AAB-876D-FD772A3A2C14}
	EndGlobalSection
EndGlobal
